// !$*UTF8*$!
{
	archiveVersion = 1;
	classes = {
	};
	objectVersion = 56;
	objects = {

/* Begin PBXBuildFile section */
		8721E9432BF49C4B00556F8A /* TransactionModel.swift in Sources */ = {isa = PBXBuildFile; fileRef = 8721E9422BF49C4B00556F8A /* TransactionModel.swift */; };
		8721E9462BF4ADD400556F8A /* HomePageD3.swift in Sources */ = {isa = PBXBuildFile; fileRef = 8721E9452BF4ADD400556F8A /* HomePageD3.swift */; };
		8721E9522BFF18D900556F8A /* NewTransaction.swift in Sources */ = {isa = PBXBuildFile; fileRef = 8721E9512BFF18D900556F8A /* NewTransaction.swift */; };
		8721E9552BFF1A6C00556F8A /* LockView.swift in Sources */ = {isa = PBXBuildFile; fileRef = 8721E9542BFF1A6C00556F8A /* LockView.swift */; };
		8721E9572BFF2EFB00556F8A /* Manage.swift in Sources */ = {isa = PBXBuildFile; fileRef = 8721E9562BFF2EFB00556F8A /* Manage.swift */; };
		8721E95C2C04B68100556F8A /* ScrollableTabs.swift in Sources */ = {isa = PBXBuildFile; fileRef = 8721E95B2C04B68100556F8A /* ScrollableTabs.swift */; };
		8721E95F2C04B6CA00556F8A /* DummyTab.swift in Sources */ = {isa = PBXBuildFile; fileRef = 8721E95E2C04B6CA00556F8A /* DummyTab.swift */; };
		873615022BEBB42D006C7BD3 /* View+Extensions.swift in Sources */ = {isa = PBXBuildFile; fileRef = 873615012BEBB42D006C7BD3 /* View+Extensions.swift */; };
		873615092BF21E24006C7BD3 /* TransactionsView.swift in Sources */ = {isa = PBXBuildFile; fileRef = 873615082BF21E24006C7BD3 /* TransactionsView.swift */; };
		8736150C2BF21F49006C7BD3 /* Date+Extensions.swift in Sources */ = {isa = PBXBuildFile; fileRef = 8736150B2BF21F49006C7BD3 /* Date+Extensions.swift */; };
		8736150E2BF22232006C7BD3 /* View+ExtensionsD2.swift in Sources */ = {isa = PBXBuildFile; fileRef = 8736150D2BF22232006C7BD3 /* View+ExtensionsD2.swift */; };
		873615112BF23062006C7BD3 /* Tab.swift in Sources */ = {isa = PBXBuildFile; fileRef = 873615102BF23062006C7BD3 /* Tab.swift */; };
		876559CC2BE4F326006A8E20 /* AViewDailyApp.swift in Sources */ = {isa = PBXBuildFile; fileRef = 876559CB2BE4F326006A8E20 /* AViewDailyApp.swift */; };
		876559CE2BE4F326006A8E20 /* ContentView.swift in Sources */ = {isa = PBXBuildFile; fileRef = 876559CD2BE4F326006A8E20 /* ContentView.swift */; };
		876559D02BE4F328006A8E20 /* Assets.xcassets in Resources */ = {isa = PBXBuildFile; fileRef = 876559CF2BE4F328006A8E20 /* Assets.xcassets */; };
		876559D32BE4F328006A8E20 /* Preview Assets.xcassets in Resources */ = {isa = PBXBuildFile; fileRef = 876559D22BE4F328006A8E20 /* Preview Assets.xcassets */; };
		876559DB2BE4F357006A8E20 /* GroupBoxDemo.swift in Sources */ = {isa = PBXBuildFile; fileRef = 876559DA2BE4F357006A8E20 /* GroupBoxDemo.swift */; };
		876559E62BEA12BF006A8E20 /* Item.swift in Sources */ = {isa = PBXBuildFile; fileRef = 876559E52BEA12BF006A8E20 /* Item.swift */; };
		876559E92BEA168F006A8E20 /* Home.swift in Sources */ = {isa = PBXBuildFile; fileRef = 876559E82BEA168F006A8E20 /* Home.swift */; };
		876559EB2BEA1AC5006A8E20 /* UICoordinator.swift in Sources */ = {isa = PBXBuildFile; fileRef = 876559EA2BEA1AC5006A8E20 /* UICoordinator.swift */; };
		876559ED2BEA245E006A8E20 /* Detail.swift in Sources */ = {isa = PBXBuildFile; fileRef = 876559EC2BEA245E006A8E20 /* Detail.swift */; };
		876559EF2BEA2B51006A8E20 /* ImageView.swift in Sources */ = {isa = PBXBuildFile; fileRef = 876559EE2BEA2B51006A8E20 /* ImageView.swift */; };
		876559F12BEA2EC5006A8E20 /* RandomContent.swift in Sources */ = {isa = PBXBuildFile; fileRef = 876559F02BEA2EC5006A8E20 /* RandomContent.swift */; };
/* End PBXBuildFile section */

/* Begin PBXFileReference section */
		8721E9422BF49C4B00556F8A /* TransactionModel.swift */ = {isa = PBXFileReference; lastKnownFileType = sourcecode.swift; path = TransactionModel.swift; sourceTree = "<group>"; };
		8721E9452BF4ADD400556F8A /* HomePageD3.swift */ = {isa = PBXFileReference; lastKnownFileType = sourcecode.swift; path = HomePageD3.swift; sourceTree = "<group>"; };
		8721E9512BFF18D900556F8A /* NewTransaction.swift */ = {isa = PBXFileReference; lastKnownFileType = sourcecode.swift; path = NewTransaction.swift; sourceTree = "<group>"; };
		8721E9542BFF1A6C00556F8A /* LockView.swift */ = {isa = PBXFileReference; lastKnownFileType = sourcecode.swift; path = LockView.swift; sourceTree = "<group>"; };
		8721E9562BFF2EFB00556F8A /* Manage.swift */ = {isa = PBXFileReference; lastKnownFileType = sourcecode.swift; path = Manage.swift; sourceTree = "<group>"; };
		8721E95B2C04B68100556F8A /* ScrollableTabs.swift */ = {isa = PBXFileReference; lastKnownFileType = sourcecode.swift; path = ScrollableTabs.swift; sourceTree = "<group>"; };
		8721E95E2C04B6CA00556F8A /* DummyTab.swift */ = {isa = PBXFileReference; lastKnownFileType = sourcecode.swift; path = DummyTab.swift; sourceTree = "<group>"; };
		873615012BEBB42D006C7BD3 /* View+Extensions.swift */ = {isa = PBXFileReference; lastKnownFileType = sourcecode.swift; path = "View+Extensions.swift"; sourceTree = "<group>"; };
		873615082BF21E24006C7BD3 /* TransactionsView.swift */ = {isa = PBXFileReference; lastKnownFileType = sourcecode.swift; path = TransactionsView.swift; sourceTree = "<group>"; };
		8736150B2BF21F49006C7BD3 /* Date+Extensions.swift */ = {isa = PBXFileReference; lastKnownFileType = sourcecode.swift; path = "Date+Extensions.swift"; sourceTree = "<group>"; };
		8736150D2BF22232006C7BD3 /* View+ExtensionsD2.swift */ = {isa = PBXFileReference; lastKnownFileType = sourcecode.swift; path = "View+ExtensionsD2.swift"; sourceTree = "<group>"; };
		873615102BF23062006C7BD3 /* Tab.swift */ = {isa = PBXFileReference; lastKnownFileType = sourcecode.swift; path = Tab.swift; sourceTree = "<group>"; };
		876559C82BE4F326006A8E20 /* AViewDaily.app */ = {isa = PBXFileReference; explicitFileType = wrapper.application; includeInIndex = 0; path = AViewDaily.app; sourceTree = BUILT_PRODUCTS_DIR; };
		876559CB2BE4F326006A8E20 /* AViewDailyApp.swift */ = {isa = PBXFileReference; lastKnownFileType = sourcecode.swift; path = AViewDailyApp.swift; sourceTree = "<group>"; };
		876559CD2BE4F326006A8E20 /* ContentView.swift */ = {isa = PBXFileReference; lastKnownFileType = sourcecode.swift; path = ContentView.swift; sourceTree = "<group>"; };
		876559CF2BE4F328006A8E20 /* Assets.xcassets */ = {isa = PBXFileReference; lastKnownFileType = folder.assetcatalog; path = Assets.xcassets; sourceTree = "<group>"; };
		876559D22BE4F328006A8E20 /* Preview Assets.xcassets */ = {isa = PBXFileReference; lastKnownFileType = folder.assetcatalog; path = "Preview Assets.xcassets"; sourceTree = "<group>"; };
		876559DA2BE4F357006A8E20 /* GroupBoxDemo.swift */ = {isa = PBXFileReference; lastKnownFileType = sourcecode.swift; path = GroupBoxDemo.swift; sourceTree = "<group>"; };
		876559E52BEA12BF006A8E20 /* Item.swift */ = {isa = PBXFileReference; lastKnownFileType = sourcecode.swift; path = Item.swift; sourceTree = "<group>"; };
		876559E82BEA168F006A8E20 /* Home.swift */ = {isa = PBXFileReference; lastKnownFileType = sourcecode.swift; path = Home.swift; sourceTree = "<group>"; };
		876559EA2BEA1AC5006A8E20 /* UICoordinator.swift */ = {isa = PBXFileReference; lastKnownFileType = sourcecode.swift; path = UICoordinator.swift; sourceTree = "<group>"; };
		876559EC2BEA245E006A8E20 /* Detail.swift */ = {isa = PBXFileReference; lastKnownFileType = sourcecode.swift; path = Detail.swift; sourceTree = "<group>"; };
		876559EE2BEA2B51006A8E20 /* ImageView.swift */ = {isa = PBXFileReference; lastKnownFileType = sourcecode.swift; path = ImageView.swift; sourceTree = "<group>"; };
		876559F02BEA2EC5006A8E20 /* RandomContent.swift */ = {isa = PBXFileReference; lastKnownFileType = sourcecode.swift; path = RandomContent.swift; sourceTree = "<group>"; };
/* End PBXFileReference section */

/* Begin PBXFrameworksBuildPhase section */
		876559C52BE4F326006A8E20 /* Frameworks */ = {
			isa = PBXFrameworksBuildPhase;
			buildActionMask = 2147483647;
			files = (
			);
			runOnlyForDeploymentPostprocessing = 0;
		};
/* End PBXFrameworksBuildPhase section */

/* Begin PBXGroup section */
		8721E9442BF4ADB500556F8A /* Screens */ = {
			isa = PBXGroup;
			children = (
				8721E9532BFF1A5C00556F8A /* Views */,
				873615082BF21E24006C7BD3 /* TransactionsView.swift */,
				8721E9452BF4ADD400556F8A /* HomePageD3.swift */,
				8721E9562BFF2EFB00556F8A /* Manage.swift */,
				8721E9512BFF18D900556F8A /* NewTransaction.swift */,
			);
			path = Screens;
			sourceTree = "<group>";
		};
		8721E9532BFF1A5C00556F8A /* Views */ = {
			isa = PBXGroup;
			children = (
				8721E9542BFF1A6C00556F8A /* LockView.swift */,
			);
			path = Views;
			sourceTree = "<group>";
		};
		8721E95A2C04B64E00556F8A /* Day4_27_05_24 */ = {
			isa = PBXGroup;
			children = (
				8721E95B2C04B68100556F8A /* ScrollableTabs.swift */,
				8721E95D2C04B6A600556F8A /* D4_Model */,
			);
			path = Day4_27_05_24;
			sourceTree = "<group>";
		};
		8721E95D2C04B6A600556F8A /* D4_Model */ = {
			isa = PBXGroup;
			children = (
				8721E95E2C04B6CA00556F8A /* DummyTab.swift */,
			);
			path = D4_Model;
			sourceTree = "<group>";
		};
		873615002BEBB414006C7BD3 /* Helpers */ = {
			isa = PBXGroup;
			children = (
				873615012BEBB42D006C7BD3 /* View+Extensions.swift */,
			);
			path = Helpers;
			sourceTree = "<group>";
		};
		873615072BF21DB0006C7BD3 /* Day3_13_05_24 */ = {
			isa = PBXGroup;
			children = (
				8736150F2BF23052006C7BD3 /* Models */,
				8736150A2BF21F31006C7BD3 /* Helpers */,
				8721E9442BF4ADB500556F8A /* Screens */,
			);
			path = Day3_13_05_24;
			sourceTree = "<group>";
		};
		8736150A2BF21F31006C7BD3 /* Helpers */ = {
			isa = PBXGroup;
			children = (
				8736150B2BF21F49006C7BD3 /* Date+Extensions.swift */,
				8736150D2BF22232006C7BD3 /* View+ExtensionsD2.swift */,
			);
			path = Helpers;
			sourceTree = "<group>";
		};
		8736150F2BF23052006C7BD3 /* Models */ = {
			isa = PBXGroup;
			children = (
				873615102BF23062006C7BD3 /* Tab.swift */,
				8721E9422BF49C4B00556F8A /* TransactionModel.swift */,
			);
			path = Models;
			sourceTree = "<group>";
		};
		876559BF2BE4F326006A8E20 = {
			isa = PBXGroup;
			children = (
				876559CA2BE4F326006A8E20 /* AViewDaily */,
				876559C92BE4F326006A8E20 /* Products */,
			);
			sourceTree = "<group>";
		};
		876559C92BE4F326006A8E20 /* Products */ = {
			isa = PBXGroup;
			children = (
				876559C82BE4F326006A8E20 /* AViewDaily.app */,
			);
			name = Products;
			sourceTree = "<group>";
		};
		876559CA2BE4F326006A8E20 /* AViewDaily */ = {
			isa = PBXGroup;
			children = (
				8721E95A2C04B64E00556F8A /* Day4_27_05_24 */,
				873615072BF21DB0006C7BD3 /* Day3_13_05_24 */,
				876559CB2BE4F326006A8E20 /* AViewDailyApp.swift */,
				876559CD2BE4F326006A8E20 /* ContentView.swift */,
				876559DE2BE8BC6E006A8E20 /* Day2_06_04_24 */,
				876559D92BE4F334006A8E20 /* Day1_03_04_24 */,
				876559CF2BE4F328006A8E20 /* Assets.xcassets */,
				876559D12BE4F328006A8E20 /* Preview Content */,
			);
			path = AViewDaily;
			sourceTree = "<group>";
		};
		876559D12BE4F328006A8E20 /* Preview Content */ = {
			isa = PBXGroup;
			children = (
				876559D22BE4F328006A8E20 /* Preview Assets.xcassets */,
			);
			path = "Preview Content";
			sourceTree = "<group>";
		};
		876559D92BE4F334006A8E20 /* Day1_03_04_24 */ = {
			isa = PBXGroup;
			children = (
				876559DA2BE4F357006A8E20 /* GroupBoxDemo.swift */,
			);
			path = Day1_03_04_24;
			sourceTree = "<group>";
		};
		876559DE2BE8BC6E006A8E20 /* Day2_06_04_24 */ = {
			isa = PBXGroup;
			children = (
				876559E72BEA167A006A8E20 /* View */,
				876559E42BEA1293006A8E20 /* Model */,
			);
			path = Day2_06_04_24;
			sourceTree = "<group>";
		};
		876559E42BEA1293006A8E20 /* Model */ = {
			isa = PBXGroup;
			children = (
				876559E52BEA12BF006A8E20 /* Item.swift */,
				876559EA2BEA1AC5006A8E20 /* UICoordinator.swift */,
			);
			path = Model;
			sourceTree = "<group>";
		};
		876559E72BEA167A006A8E20 /* View */ = {
			isa = PBXGroup;
			children = (
				873615002BEBB414006C7BD3 /* Helpers */,
				876559E82BEA168F006A8E20 /* Home.swift */,
				876559EC2BEA245E006A8E20 /* Detail.swift */,
				876559EE2BEA2B51006A8E20 /* ImageView.swift */,
				876559F02BEA2EC5006A8E20 /* RandomContent.swift */,
			);
			path = View;
			sourceTree = "<group>";
		};
/* End PBXGroup section */

/* Begin PBXNativeTarget section */
		876559C72BE4F326006A8E20 /* AViewDaily */ = {
			isa = PBXNativeTarget;
			buildConfigurationList = 876559D62BE4F328006A8E20 /* Build configuration list for PBXNativeTarget "AViewDaily" */;
			buildPhases = (
				876559C42BE4F326006A8E20 /* Sources */,
				876559C52BE4F326006A8E20 /* Frameworks */,
				876559C62BE4F326006A8E20 /* Resources */,
			);
			buildRules = (
			);
			dependencies = (
			);
			name = AViewDaily;
			productName = AViewDaily;
			productReference = 876559C82BE4F326006A8E20 /* AViewDaily.app */;
			productType = "com.apple.product-type.application";
		};
/* End PBXNativeTarget section */

/* Begin PBXProject section */
		876559C02BE4F326006A8E20 /* Project object */ = {
			isa = PBXProject;
			attributes = {
				BuildIndependentTargetsInParallel = 1;
				LastSwiftUpdateCheck = 1500;
				LastUpgradeCheck = 1500;
				TargetAttributes = {
					876559C72BE4F326006A8E20 = {
						CreatedOnToolsVersion = 15.0.1;
					};
				};
			};
			buildConfigurationList = 876559C32BE4F326006A8E20 /* Build configuration list for PBXProject "AViewDaily" */;
			compatibilityVersion = "Xcode 14.0";
			developmentRegion = en;
			hasScannedForEncodings = 0;
			knownRegions = (
				en,
				Base,
			);
			mainGroup = 876559BF2BE4F326006A8E20;
			productRefGroup = 876559C92BE4F326006A8E20 /* Products */;
			projectDirPath = "";
			projectRoot = "";
			targets = (
				876559C72BE4F326006A8E20 /* AViewDaily */,
			);
		};
/* End PBXProject section */

/* Begin PBXResourcesBuildPhase section */
		876559C62BE4F326006A8E20 /* Resources */ = {
			isa = PBXResourcesBuildPhase;
			buildActionMask = 2147483647;
			files = (
				876559D32BE4F328006A8E20 /* Preview Assets.xcassets in Resources */,
				876559D02BE4F328006A8E20 /* Assets.xcassets in Resources */,
			);
			runOnlyForDeploymentPostprocessing = 0;
		};
/* End PBXResourcesBuildPhase section */

/* Begin PBXSourcesBuildPhase section */
		876559C42BE4F326006A8E20 /* Sources */ = {
			isa = PBXSourcesBuildPhase;
			buildActionMask = 2147483647;
			files = (
				8721E9432BF49C4B00556F8A /* TransactionModel.swift in Sources */,
				876559EF2BEA2B51006A8E20 /* ImageView.swift in Sources */,
				8721E95F2C04B6CA00556F8A /* DummyTab.swift in Sources */,
				876559E62BEA12BF006A8E20 /* Item.swift in Sources */,
				876559ED2BEA245E006A8E20 /* Detail.swift in Sources */,
				8721E9522BFF18D900556F8A /* NewTransaction.swift in Sources */,
				8721E9552BFF1A6C00556F8A /* LockView.swift in Sources */,
				876559F12BEA2EC5006A8E20 /* RandomContent.swift in Sources */,
				876559DB2BE4F357006A8E20 /* GroupBoxDemo.swift in Sources */,
				8721E95C2C04B68100556F8A /* ScrollableTabs.swift in Sources */,
				8736150C2BF21F49006C7BD3 /* Date+Extensions.swift in Sources */,
				876559E92BEA168F006A8E20 /* Home.swift in Sources */,
				8721E9462BF4ADD400556F8A /* HomePageD3.swift in Sources */,
				876559CE2BE4F326006A8E20 /* ContentView.swift in Sources */,
				8721E9572BFF2EFB00556F8A /* Manage.swift in Sources */,
				873615092BF21E24006C7BD3 /* TransactionsView.swift in Sources */,
				8736150E2BF22232006C7BD3 /* View+ExtensionsD2.swift in Sources */,
				876559EB2BEA1AC5006A8E20 /* UICoordinator.swift in Sources */,
				873615022BEBB42D006C7BD3 /* View+Extensions.swift in Sources */,
				876559CC2BE4F326006A8E20 /* AViewDailyApp.swift in Sources */,
				873615112BF23062006C7BD3 /* Tab.swift in Sources */,
			);
			runOnlyForDeploymentPostprocessing = 0;
		};
/* End PBXSourcesBuildPhase section */

/* Begin XCBuildConfiguration section */
		876559D42BE4F328006A8E20 /* Debug */ = {
			isa = XCBuildConfiguration;
			buildSettings = {
				ALWAYS_SEARCH_USER_PATHS = NO;
				ASSETCATALOG_COMPILER_GENERATE_SWIFT_ASSET_SYMBOL_EXTENSIONS = YES;
				CLANG_ANALYZER_NONNULL = YES;
				CLANG_ANALYZER_NUMBER_OBJECT_CONVERSION = YES_AGGRESSIVE;
				CLANG_CXX_LANGUAGE_STANDARD = "gnu++20";
				CLANG_ENABLE_MODULES = YES;
				CLANG_ENABLE_OBJC_ARC = YES;
				CLANG_ENABLE_OBJC_WEAK = YES;
				CLANG_WARN_BLOCK_CAPTURE_AUTORELEASING = YES;
				CLANG_WARN_BOOL_CONVERSION = YES;
				CLANG_WARN_COMMA = YES;
				CLANG_WARN_CONSTANT_CONVERSION = YES;
				CLANG_WARN_DEPRECATED_OBJC_IMPLEMENTATIONS = YES;
				CLANG_WARN_DIRECT_OBJC_ISA_USAGE = YES_ERROR;
				CLANG_WARN_DOCUMENTATION_COMMENTS = YES;
				CLANG_WARN_EMPTY_BODY = YES;
				CLANG_WARN_ENUM_CONVERSION = YES;
				CLANG_WARN_INFINITE_RECURSION = YES;
				CLANG_WARN_INT_CONVERSION = YES;
				CLANG_WARN_NON_LITERAL_NULL_CONVERSION = YES;
				CLANG_WARN_OBJC_IMPLICIT_RETAIN_SELF = YES;
				CLANG_WARN_OBJC_LITERAL_CONVERSION = YES;
				CLANG_WARN_OBJC_ROOT_CLASS = YES_ERROR;
				CLANG_WARN_QUOTED_INCLUDE_IN_FRAMEWORK_HEADER = YES;
				CLANG_WARN_RANGE_LOOP_ANALYSIS = YES;
				CLANG_WARN_STRICT_PROTOTYPES = YES;
				CLANG_WARN_SUSPICIOUS_MOVE = YES;
				CLANG_WARN_UNGUARDED_AVAILABILITY = YES_AGGRESSIVE;
				CLANG_WARN_UNREACHABLE_CODE = YES;
				CLANG_WARN__DUPLICATE_METHOD_MATCH = YES;
				COPY_PHASE_STRIP = NO;
				DEBUG_INFORMATION_FORMAT = dwarf;
				ENABLE_STRICT_OBJC_MSGSEND = YES;
				ENABLE_TESTABILITY = YES;
				ENABLE_USER_SCRIPT_SANDBOXING = YES;
				GCC_C_LANGUAGE_STANDARD = gnu17;
				GCC_DYNAMIC_NO_PIC = NO;
				GCC_NO_COMMON_BLOCKS = YES;
				GCC_OPTIMIZATION_LEVEL = 0;
				GCC_PREPROCESSOR_DEFINITIONS = (
					"DEBUG=1",
					"$(inherited)",
				);
				GCC_WARN_64_TO_32_BIT_CONVERSION = YES;
				GCC_WARN_ABOUT_RETURN_TYPE = YES_ERROR;
				GCC_WARN_UNDECLARED_SELECTOR = YES;
				GCC_WARN_UNINITIALIZED_AUTOS = YES_AGGRESSIVE;
				GCC_WARN_UNUSED_FUNCTION = YES;
				GCC_WARN_UNUSED_VARIABLE = YES;
				IPHONEOS_DEPLOYMENT_TARGET = 17.0;
				LOCALIZATION_PREFERS_STRING_CATALOGS = YES;
				MTL_ENABLE_DEBUG_INFO = INCLUDE_SOURCE;
				MTL_FAST_MATH = YES;
				ONLY_ACTIVE_ARCH = YES;
				SDKROOT = iphoneos;
				SWIFT_ACTIVE_COMPILATION_CONDITIONS = "DEBUG $(inherited)";
				SWIFT_OPTIMIZATION_LEVEL = "-Onone";
			};
			name = Debug;
		};
		876559D52BE4F328006A8E20 /* Release */ = {
			isa = XCBuildConfiguration;
			buildSettings = {
				ALWAYS_SEARCH_USER_PATHS = NO;
				ASSETCATALOG_COMPILER_GENERATE_SWIFT_ASSET_SYMBOL_EXTENSIONS = YES;
				CLANG_ANALYZER_NONNULL = YES;
				CLANG_ANALYZER_NUMBER_OBJECT_CONVERSION = YES_AGGRESSIVE;
				CLANG_CXX_LANGUAGE_STANDARD = "gnu++20";
				CLANG_ENABLE_MODULES = YES;
				CLANG_ENABLE_OBJC_ARC = YES;
				CLANG_ENABLE_OBJC_WEAK = YES;
				CLANG_WARN_BLOCK_CAPTURE_AUTORELEASING = YES;
				CLANG_WARN_BOOL_CONVERSION = YES;
				CLANG_WARN_COMMA = YES;
				CLANG_WARN_CONSTANT_CONVERSION = YES;
				CLANG_WARN_DEPRECATED_OBJC_IMPLEMENTATIONS = YES;
				CLANG_WARN_DIRECT_OBJC_ISA_USAGE = YES_ERROR;
				CLANG_WARN_DOCUMENTATION_COMMENTS = YES;
				CLANG_WARN_EMPTY_BODY = YES;
				CLANG_WARN_ENUM_CONVERSION = YES;
				CLANG_WARN_INFINITE_RECURSION = YES;
				CLANG_WARN_INT_CONVERSION = YES;
				CLANG_WARN_NON_LITERAL_NULL_CONVERSION = YES;
				CLANG_WARN_OBJC_IMPLICIT_RETAIN_SELF = YES;
				CLANG_WARN_OBJC_LITERAL_CONVERSION = YES;
				CLANG_WARN_OBJC_ROOT_CLASS = YES_ERROR;
				CLANG_WARN_QUOTED_INCLUDE_IN_FRAMEWORK_HEADER = YES;
				CLANG_WARN_RANGE_LOOP_ANALYSIS = YES;
				CLANG_WARN_STRICT_PROTOTYPES = YES;
				CLANG_WARN_SUSPICIOUS_MOVE = YES;
				CLANG_WARN_UNGUARDED_AVAILABILITY = YES_AGGRESSIVE;
				CLANG_WARN_UNREACHABLE_CODE = YES;
				CLANG_WARN__DUPLICATE_METHOD_MATCH = YES;
				COPY_PHASE_STRIP = NO;
				DEBUG_INFORMATION_FORMAT = "dwarf-with-dsym";
				ENABLE_NS_ASSERTIONS = NO;
				ENABLE_STRICT_OBJC_MSGSEND = YES;
				ENABLE_USER_SCRIPT_SANDBOXING = YES;
				GCC_C_LANGUAGE_STANDARD = gnu17;
				GCC_NO_COMMON_BLOCKS = YES;
				GCC_WARN_64_TO_32_BIT_CONVERSION = YES;
				GCC_WARN_ABOUT_RETURN_TYPE = YES_ERROR;
				GCC_WARN_UNDECLARED_SELECTOR = YES;
				GCC_WARN_UNINITIALIZED_AUTOS = YES_AGGRESSIVE;
				GCC_WARN_UNUSED_FUNCTION = YES;
				GCC_WARN_UNUSED_VARIABLE = YES;
				IPHONEOS_DEPLOYMENT_TARGET = 17.0;
				LOCALIZATION_PREFERS_STRING_CATALOGS = YES;
				MTL_ENABLE_DEBUG_INFO = NO;
				MTL_FAST_MATH = YES;
				SDKROOT = iphoneos;
				SWIFT_COMPILATION_MODE = wholemodule;
				VALIDATE_PRODUCT = YES;
			};
			name = Release;
		};
		876559D72BE4F328006A8E20 /* Debug */ = {
			isa = XCBuildConfiguration;
			buildSettings = {
				ASSETCATALOG_COMPILER_APPICON_NAME = AppIcon;
				ASSETCATALOG_COMPILER_GLOBAL_ACCENT_COLOR_NAME = AccentColor;
				CODE_SIGN_STYLE = Automatic;
				CURRENT_PROJECT_VERSION = 1;
				DEVELOPMENT_ASSET_PATHS = "\"AViewDaily/Preview Content\"";
				DEVELOPMENT_TEAM = 583MU3G3UH;
				ENABLE_PREVIEWS = YES;
				GENERATE_INFOPLIST_FILE = YES;
				INFOPLIST_KEY_NSFaceIDUsageDescription = "";
				INFOPLIST_KEY_UIApplicationSceneManifest_Generation = YES;
				INFOPLIST_KEY_UIApplicationSupportsIndirectInputEvents = YES;
				INFOPLIST_KEY_UILaunchScreen_Generation = YES;
				INFOPLIST_KEY_UISupportedInterfaceOrientations_iPad = "UIInterfaceOrientationPortrait UIInterfaceOrientationPortraitUpsideDown UIInterfaceOrientationLandscapeLeft UIInterfaceOrientationLandscapeRight";
				INFOPLIST_KEY_UISupportedInterfaceOrientations_iPhone = "UIInterfaceOrientationPortrait UIInterfaceOrientationLandscapeLeft UIInterfaceOrientationLandscapeRight";
				LD_RUNPATH_SEARCH_PATHS = (
					"$(inherited)",
					"@executable_path/Frameworks",
				);
				MARKETING_VERSION = 1.0;
				PRODUCT_BUNDLE_IDENTIFIER = testw.AViewDaily;
				PRODUCT_NAME = "$(TARGET_NAME)";
				SWIFT_EMIT_LOC_STRINGS = YES;
				SWIFT_VERSION = 5.0;
				TARGETED_DEVICE_FAMILY = "1,2";
			};
			name = Debug;
		};
		876559D82BE4F328006A8E20 /* Release */ = {
			isa = XCBuildConfiguration;
			buildSettings = {
				ASSETCATALOG_COMPILER_APPICON_NAME = AppIcon;
				ASSETCATALOG_COMPILER_GLOBAL_ACCENT_COLOR_NAME = AccentColor;
				CODE_SIGN_STYLE = Automatic;
				CURRENT_PROJECT_VERSION = 1;
				DEVELOPMENT_ASSET_PATHS = "\"AViewDaily/Preview Content\"";
				DEVELOPMENT_TEAM = 583MU3G3UH;
				ENABLE_PREVIEWS = YES;
				GENERATE_INFOPLIST_FILE = YES;
				INFOPLIST_KEY_NSFaceIDUsageDescription = "";
				INFOPLIST_KEY_UIApplicationSceneManifest_Generation = YES;
				INFOPLIST_KEY_UIApplicationSupportsIndirectInputEvents = YES;
				INFOPLIST_KEY_UILaunchScreen_Generation = YES;
				INFOPLIST_KEY_UISupportedInterfaceOrientations_iPad = "UIInterfaceOrientationPortrait UIInterfaceOrientationPortraitUpsideDown UIInterfaceOrientationLandscapeLeft UIInterfaceOrientationLandscapeRight";
				INFOPLIST_KEY_UISupportedInterfaceOrientations_iPhone = "UIInterfaceOrientationPortrait UIInterfaceOrientationLandscapeLeft UIInterfaceOrientationLandscapeRight";
				LD_RUNPATH_SEARCH_PATHS = (
					"$(inherited)",
					"@executable_path/Frameworks",
				);
				MARKETING_VERSION = 1.0;
				PRODUCT_BUNDLE_IDENTIFIER = testw.AViewDaily;
				PRODUCT_NAME = "$(TARGET_NAME)";
				SWIFT_EMIT_LOC_STRINGS = YES;
				SWIFT_VERSION = 5.0;
				TARGETED_DEVICE_FAMILY = "1,2";
			};
			name = Release;
		};
/* End XCBuildConfiguration section */

/* Begin XCConfigurationList section */
		876559C32BE4F326006A8E20 /* Build configuration list for PBXProject "AViewDaily" */ = {
			isa = XCConfigurationList;
			buildConfigurations = (
				876559D42BE4F328006A8E20 /* Debug */,
				876559D52BE4F328006A8E20 /* Release */,
			);
			defaultConfigurationIsVisible = 0;
			defaultConfigurationName = Release;
		};
		876559D62BE4F328006A8E20 /* Build configuration list for PBXNativeTarget "AViewDaily" */ = {
			isa = XCConfigurationList;
			buildConfigurations = (
				876559D72BE4F328006A8E20 /* Debug */,
				876559D82BE4F328006A8E20 /* Release */,
			);
			defaultConfigurationIsVisible = 0;
			defaultConfigurationName = Release;
		};
/* End XCConfigurationList section */
	};
	rootObject = 876559C02BE4F326006A8E20 /* Project object */;
}
